
Microsoft Visual Studio Solution File, Format Version 12.00
# Visual Studio Version 17
VisualStudioVersion = 17.5.33502.453
MinimumVisualStudioVersion = 10.0.40219.1
Project("{FAE04EC0-301F-11D3-BF4B-00C04F79EFBC}") = "Calculator1", "Calculator\Calculator1.csproj", "{40672DB0-DEE4-4B29-A0AA-58A754E25D1F}"
EndProject
Project("{FAE04EC0-301F-11D3-BF4B-00C04F79EFBC}") = "CalcsTests", "CalcsTests\CalcsTests.csproj", "{EC341975-80AA-4718-8205-7EED1D6EA13A}"
EndProject
Global
	GlobalSection(SolutionConfigurationPlatforms) = preSolution
		Debug|Any CPU = Debug|Any CPU
		Release|Any CPU = Release|Any CPU
	EndGlobalSection
	GlobalSection(ProjectConfigurationPlatforms) = postSolution
		{40672DB0-DEE4-4B29-A0AA-58A754E25D1F}.Debug|Any CPU.ActiveCfg = Debug|Any CPU
		{40672DB0-DEE4-4B29-A0AA-58A754E25D1F}.Debug|Any CPU.Build.0 = Debug|Any CPU
		{40672DB0-DEE4-4B29-A0AA-58A754E25D1F}.Release|Any CPU.ActiveCfg = Release|Any CPU
		{40672DB0-DEE4-4B29-A0AA-58A754E25D1F}.Release|Any CPU.Build.0 = Release|Any CPU
		{EC341975-80AA-4718-8205-7EED1D6EA13A}.Debug|Any CPU.ActiveCfg = Debug|Any CPU
		{EC341975-80AA-4718-8205-7EED1D6EA13A}.Debug|Any CPU.Build.0 = Debug|Any CPU
		{EC341975-80AA-4718-8205-7EED1D6EA13A}.Release|Any CPU.ActiveCfg = Release|Any CPU
		{EC341975-80AA-4718-8205-7EED1D6EA13A}.Release|Any CPU.Build.0 = Release|Any CPU
	EndGlobalSection
	GlobalSection(SolutionProperties) = preSolution
		HideSolutionNode = FALSE
	EndGlobalSection
	GlobalSection(ExtensibilityGlobals) = postSolution
		SolutionGuid = {56554F8D-99FB-4F0E-991C-D299D62CA865}
	EndGlobalSection
EndGlobal
