
Microsoft Visual Studio Solution File, Format Version 12.00
# Visual Studio Version 17
VisualStudioVersion = 17.5.33502.453
MinimumVisualStudioVersion = 10.0.40219.1
Project("{FAE04EC0-301F-11D3-BF4B-00C04F79EFBC}") = "ExamHumansLibrary", "ExamHumansLibrary\ExamHumansLibrary.csproj", "{E8CA8FA5-4A89-41D8-9D91-CEE0308DBFA4}"
EndProject
Project("{FAE04EC0-301F-11D3-BF4B-00C04F79EFBC}") = "AppChecksClasses", "AppChecksClasses\AppChecksClasses.csproj", "{09936088-1D77-4960-AB24-FAA1198D9935}"
EndProject
Global
	GlobalSection(SolutionConfigurationPlatforms) = preSolution
		Debug|Any CPU = Debug|Any CPU
		Release|Any CPU = Release|Any CPU
	EndGlobalSection
	GlobalSection(ProjectConfigurationPlatforms) = postSolution
		{E8CA8FA5-4A89-41D8-9D91-CEE0308DBFA4}.Debug|Any CPU.ActiveCfg = Debug|Any CPU
		{E8CA8FA5-4A89-41D8-9D91-CEE0308DBFA4}.Debug|Any CPU.Build.0 = Debug|Any CPU
		{E8CA8FA5-4A89-41D8-9D91-CEE0308DBFA4}.Release|Any CPU.ActiveCfg = Release|Any CPU
		{E8CA8FA5-4A89-41D8-9D91-CEE0308DBFA4}.Release|Any CPU.Build.0 = Release|Any CPU
		{09936088-1D77-4960-AB24-FAA1198D9935}.Debug|Any CPU.ActiveCfg = Debug|Any CPU
		{09936088-1D77-4960-AB24-FAA1198D9935}.Debug|Any CPU.Build.0 = Debug|Any CPU
		{09936088-1D77-4960-AB24-FAA1198D9935}.Release|Any CPU.ActiveCfg = Release|Any CPU
		{09936088-1D77-4960-AB24-FAA1198D9935}.Release|Any CPU.Build.0 = Release|Any CPU
	EndGlobalSection
	GlobalSection(SolutionProperties) = preSolution
		HideSolutionNode = FALSE
	EndGlobalSection
	GlobalSection(ExtensibilityGlobals) = postSolution
		SolutionGuid = {464CEFA5-70FA-430D-84DC-72C551D82A17}
	EndGlobalSection
EndGlobal
